
Microsoft Visual Studio Solution File, Format Version 12.00
# Visual Studio 14
VisualStudioVersion = 14.0.25420.1
MinimumVisualStudioVersion = 10.0.40219.1
Project("{8BC9CEB8-8B4A-11D0-8D11-00A0C91BC942}") = "ParallelWorks", "ParallelWorks\ParallelWorks.vcxproj", "{560EA01A-4209-45BE-808F-E099E1A5C799}"
EndProject
Project("{8BC9CEB8-8B4A-11D0-8D11-00A0C91BC942}") = "TestParallelWorks", "TestParallelWorks\TestParallelWorks.vcxproj", "{04A3822B-F3F4-48BB-A611-1FD877C7BFE1}"
EndProject
Global
	GlobalSection(SolutionConfigurationPlatforms) = preSolution
		Debug|x64 = Debug|x64
		Debug|x86 = Debug|x86
		Release|x64 = Release|x64
		Release|x86 = Release|x86
	EndGlobalSection
	GlobalSection(ProjectConfigurationPlatforms) = postSolution
		{560EA01A-4209-45BE-808F-E099E1A5C799}.Debug|x64.ActiveCfg = Debug|x64
		{560EA01A-4209-45BE-808F-E099E1A5C799}.Debug|x64.Build.0 = Debug|x64
		{560EA01A-4209-45BE-808F-E099E1A5C799}.Debug|x86.ActiveCfg = Debug|Win32
		{560EA01A-4209-45BE-808F-E099E1A5C799}.Debug|x86.Build.0 = Debug|Win32
		{560EA01A-4209-45BE-808F-E099E1A5C799}.Release|x64.ActiveCfg = Release|x64
		{560EA01A-4209-45BE-808F-E099E1A5C799}.Release|x64.Build.0 = Release|x64
		{560EA01A-4209-45BE-808F-E099E1A5C799}.Release|x86.ActiveCfg = Release|Win32
		{560EA01A-4209-45BE-808F-E099E1A5C799}.Release|x86.Build.0 = Release|Win32
		{04A3822B-F3F4-48BB-A611-1FD877C7BFE1}.Debug|x64.ActiveCfg = Debug|x64
		{04A3822B-F3F4-48BB-A611-1FD877C7BFE1}.Debug|x64.Build.0 = Debug|x64
		{04A3822B-F3F4-48BB-A611-1FD877C7BFE1}.Debug|x86.ActiveCfg = Debug|Win32
		{04A3822B-F3F4-48BB-A611-1FD877C7BFE1}.Debug|x86.Build.0 = Debug|Win32
		{04A3822B-F3F4-48BB-A611-1FD877C7BFE1}.Release|x64.ActiveCfg = Release|x64
		{04A3822B-F3F4-48BB-A611-1FD877C7BFE1}.Release|x64.Build.0 = Release|x64
		{04A3822B-F3F4-48BB-A611-1FD877C7BFE1}.Release|x86.ActiveCfg = Release|Win32
		{04A3822B-F3F4-48BB-A611-1FD877C7BFE1}.Release|x86.Build.0 = Release|Win32
	EndGlobalSection
	GlobalSection(SolutionProperties) = preSolution
		HideSolutionNode = FALSE
	EndGlobalSection
	GlobalSection(ExtensibilityGlobals) = postSolution
		SolutionGuid = {1874F934-D5E3-42FB-B680-9811ECC6B280}
	EndGlobalSection
EndGlobal
